
Microsoft Visual Studio Solution File, Format Version 12.00
# Visual Studio 15
VisualStudioVersion = 15.0.28307.489
MinimumVisualStudioVersion = 10.0.40219.1
Project("{FAE04EC0-301F-11D3-BF4B-00C04F79EFBC}") = "TigerGames4Kids", "TigerGames4Kids\TigerGames4Kids.csproj", "{8FEA7CF4-73DF-43E6-A0A7-FED3A54DE984}"
EndProject
Global
	GlobalSection(SolutionConfigurationPlatforms) = preSolution
		Debug|Any CPU = Debug|Any CPU
		Release|Any CPU = Release|Any CPU
	EndGlobalSection
	GlobalSection(ProjectConfigurationPlatforms) = postSolution
		{8FEA7CF4-73DF-43E6-A0A7-FED3A54DE984}.Debug|Any CPU.ActiveCfg = Debug|Any CPU
		{8FEA7CF4-73DF-43E6-A0A7-FED3A54DE984}.Debug|Any CPU.Build.0 = Debug|Any CPU
		{8FEA7CF4-73DF-43E6-A0A7-FED3A54DE984}.Release|Any CPU.ActiveCfg = Release|Any CPU
		{8FEA7CF4-73DF-43E6-A0A7-FED3A54DE984}.Release|Any CPU.Build.0 = Release|Any CPU
	EndGlobalSection
	GlobalSection(SolutionProperties) = preSolution
		HideSolutionNode = FALSE
	EndGlobalSection
	GlobalSection(ExtensibilityGlobals) = postSolution
		SolutionGuid = {6C34580A-B686-4012-B2B6-4D111EE2F240}
	EndGlobalSection
EndGlobal
